
Microsoft Visual Studio Solution File, Format Version 12.00
# Visual Studio 15
VisualStudioVersion = 15.0.28010.2046
MinimumVisualStudioVersion = 10.0.40219.1
Project("{FAE04EC0-301F-11D3-BF4B-00C04F79EFBC}") = "StellarCoffeeDesktop", "StellarCoffeeDesktop\StellarCoffeeDesktop.csproj", "{F126F3DE-7582-40D9-ADB9-A13F5E4B4958}"
EndProject
Project("{FAE04EC0-301F-11D3-BF4B-00C04F79EFBC}") = "StellarCoffeeData", "StellarCoffeeData\StellarCoffeeData.csproj", "{2BC4F93F-7352-44B9-B76B-5CAEAB1CAD51}"
EndProject
Global
	GlobalSection(SolutionConfigurationPlatforms) = preSolution
		Debug|Any CPU = Debug|Any CPU
		Release|Any CPU = Release|Any CPU
	EndGlobalSection
	GlobalSection(ProjectConfigurationPlatforms) = postSolution
		{F126F3DE-7582-40D9-ADB9-A13F5E4B4958}.Debug|Any CPU.ActiveCfg = Debug|Any CPU
		{F126F3DE-7582-40D9-ADB9-A13F5E4B4958}.Debug|Any CPU.Build.0 = Debug|Any CPU
		{F126F3DE-7582-40D9-ADB9-A13F5E4B4958}.Release|Any CPU.ActiveCfg = Release|Any CPU
		{F126F3DE-7582-40D9-ADB9-A13F5E4B4958}.Release|Any CPU.Build.0 = Release|Any CPU
		{2BC4F93F-7352-44B9-B76B-5CAEAB1CAD51}.Debug|Any CPU.ActiveCfg = Debug|Any CPU
		{2BC4F93F-7352-44B9-B76B-5CAEAB1CAD51}.Debug|Any CPU.Build.0 = Debug|Any CPU
		{2BC4F93F-7352-44B9-B76B-5CAEAB1CAD51}.Release|Any CPU.ActiveCfg = Release|Any CPU
		{2BC4F93F-7352-44B9-B76B-5CAEAB1CAD51}.Release|Any CPU.Build.0 = Release|Any CPU
	EndGlobalSection
	GlobalSection(SolutionProperties) = preSolution
		HideSolutionNode = FALSE
	EndGlobalSection
	GlobalSection(ExtensibilityGlobals) = postSolution
		SolutionGuid = {348F63D0-5821-49FE-89F7-0984732CEA2F}
	EndGlobalSection
EndGlobal
