
Microsoft Visual Studio Solution File, Format Version 12.00
# Visual Studio 15
VisualStudioVersion = 15.0.28307.168
MinimumVisualStudioVersion = 10.0.40219.1
Project("{FAE04EC0-301F-11D3-BF4B-00C04F79EFBC}") = "StellarCoffeeDesktop", "StellarCoffeeDesktop\StellarCoffeeDesktop.csproj", "{68ED9B0B-849C-4F08-9697-D753D62ADE2C}"
EndProject
Project("{FAE04EC0-301F-11D3-BF4B-00C04F79EFBC}") = "StellarCoffeeData", "StellarCoffeeData\StellarCoffeeData.csproj", "{1FEB6753-D22C-42BD-9B91-8F6FAAE384AF}"
EndProject
Global
	GlobalSection(SolutionConfigurationPlatforms) = preSolution
		Debug|Any CPU = Debug|Any CPU
		Release|Any CPU = Release|Any CPU
	EndGlobalSection
	GlobalSection(ProjectConfigurationPlatforms) = postSolution
		{68ED9B0B-849C-4F08-9697-D753D62ADE2C}.Debug|Any CPU.ActiveCfg = Debug|Any CPU
		{68ED9B0B-849C-4F08-9697-D753D62ADE2C}.Debug|Any CPU.Build.0 = Debug|Any CPU
		{68ED9B0B-849C-4F08-9697-D753D62ADE2C}.Release|Any CPU.ActiveCfg = Release|Any CPU
		{68ED9B0B-849C-4F08-9697-D753D62ADE2C}.Release|Any CPU.Build.0 = Release|Any CPU
		{1FEB6753-D22C-42BD-9B91-8F6FAAE384AF}.Debug|Any CPU.ActiveCfg = Debug|Any CPU
		{1FEB6753-D22C-42BD-9B91-8F6FAAE384AF}.Debug|Any CPU.Build.0 = Debug|Any CPU
		{1FEB6753-D22C-42BD-9B91-8F6FAAE384AF}.Release|Any CPU.ActiveCfg = Release|Any CPU
		{1FEB6753-D22C-42BD-9B91-8F6FAAE384AF}.Release|Any CPU.Build.0 = Release|Any CPU
	EndGlobalSection
	GlobalSection(SolutionProperties) = preSolution
		HideSolutionNode = FALSE
	EndGlobalSection
	GlobalSection(ExtensibilityGlobals) = postSolution
		SolutionGuid = {2E5A16AC-8F08-4ABA-8E9B-B91202DA1AB6}
	EndGlobalSection
EndGlobal
